github.com/bmizerany/pat v0.0.0-20160217103242-c068ca2f0aac h1:X5YRFJiteUM3rajABEYJSzw1KWgmp1ulPFKxpfLm0M4=
github.com/bmizerany/pat v0.0.0-20160217103242-c068ca2f0aac/go.mod h1:8rLXio+WjiTceGBHIoTvn60HIbs7Hm7bcHjyrSqYB9c=
github.com/fsnotify/fsevents v0.1.0/go.mod h1:+d+hS27T6k5J8CRaPLKFgwKYcpS7GwW3Ule9+SC2ZRc=
github.com/hashicorp/golang-lru v0.0.0-20160207214719-a0d98a5f2880 h1:OaRuzt9oCKNui8cCskZijoKUwe+aCuuCwvx1ox8FNyw=
github.com/hashicorp/golang-lru v0.0.0-20160207214719-a0d98a5f2880/go.mod h1:/m3WP610KZHVQ1SGc6re/UDhFvYD7pJ4Ao+sR/qLZy8=
github.com/kardianos/osext v0.0.0-20151222153229-29ae4ffbc9a6 h1:yZAE+xNuc/2gmWV+s5UAb43LYLZQiqyngl6IUCQGJg0=
github.com/kardianos/osext v0.0.0-20151222153229-29ae4ffbc9a6/go.mod h1:1NbS8ALrpOvjt0rHPNLyCIeMtbizbir8U//inJ+zuB8=
github.com/miekg/dns v0.0.0-20160726032027-db96a2b759cd h1:CeapLRDOCwa+mOTigsBvhGS0TfEN8VchyBnh3f6QFtY=
github.com/miekg/dns v0.0.0-20160726032027-db96a2b759cd/go.mod h1:W1PPwlIAgtquWBMBEV9nkV9Cazfe8ScdGz/Lj7v3Nrg=
github.com/stretchr/testify v1.1.4-0.20160221104443-1f4a1643a57e/go.mod h1:a8OnRcib4nhh0OaRAV+Yts87kKdq0PP7pXfy6kDkUVs=
github.com/vektra/errors v0.0.0-20140903201135-c64d83aba85a h1:lUVfiMMY/te9icPKBqOKkBIMZNxSpM90dxokDeCcfBg=
github.com/vektra/errors v0.0.0-20140903201135-c64d83aba85a/go.mod h1:KUxJS71XlMs+ztT+RzsLRoWUQRUpECo/+Rb0EBk8/Wc=
github.com/vektra/neko v0.0.0-20141017182438-843f5ecf6932/go.mod h1:7tfPLehrsToaevw9Vi9iL6FOslcBJ/uqYQc8y3YIbdI=
golang.org/x/exp v0.0.0-20160805011819-6e7e2f19a280 h1:aQ3aEQOtAIowyxHb+QySzarMApMnJcz87V5s49FVl+o=
golang.org/x/exp v0.0.0-20160805011819-6e7e2f19a280/go.mod h1:CJ0aWSM057203Lf6IL+f9T1iT9GByDxfZKAQTCR3kQA=
gopkg.in/tomb.v2 v2.0.0-20140626144623-14b3d72120e8 h1:EQ3aCG3c3nkUNxx6quE0Ux47RYExj7cJyRMxUXqPf6I=
gopkg.in/tomb.v2 v2.0.0-20140626144623-14b3d72120e8/go.mod h1:BHsqpu/nsuzkT5BpiH1EMZPLyqSMM8JbIavyFACoFNk=
